
Microsoft Visual Studio Solution File, Format Version 12.00
# Visual Studio 15
VisualStudioVersion = 15.0.27703.2047
MinimumVisualStudioVersion = 10.0.40219.1
Project("{FAE04EC0-301F-11D3-BF4B-00C04F79EFBC}") = "ServiceClientGameTest", "ServiceClientGameTest\ServiceClientGameTest.csproj", "{CCF5AFE8-D213-4F37-92E6-95A2F32B088E}"
EndProject
Global
	GlobalSection(SolutionConfigurationPlatforms) = preSolution
		Debug|Any CPU = Debug|Any CPU
		Release|Any CPU = Release|Any CPU
	EndGlobalSection
	GlobalSection(ProjectConfigurationPlatforms) = postSolution
		{CCF5AFE8-D213-4F37-92E6-95A2F32B088E}.Debug|Any CPU.ActiveCfg = Debug|Any CPU
		{CCF5AFE8-D213-4F37-92E6-95A2F32B088E}.Debug|Any CPU.Build.0 = Debug|Any CPU
		{CCF5AFE8-D213-4F37-92E6-95A2F32B088E}.Release|Any CPU.ActiveCfg = Release|Any CPU
		{CCF5AFE8-D213-4F37-92E6-95A2F32B088E}.Release|Any CPU.Build.0 = Release|Any CPU
	EndGlobalSection
	GlobalSection(SolutionProperties) = preSolution
		HideSolutionNode = FALSE
	EndGlobalSection
	GlobalSection(ExtensibilityGlobals) = postSolution
		SolutionGuid = {CAA7C4E4-B83A-4233-A37A-DC278F1FFA1C}
	EndGlobalSection
EndGlobal
